// !$*UTF8*$!
{
	archiveVersion = 1;
	classes = {
	};
	objectVersion = 46;
	objects = {

/* Begin PBXBuildFile section */
		3534936DDBE3E5B3199DCDEB /* Pods_UniversalAnsteuerungTests.framework in Frameworks */ = {isa = PBXBuildFile; fileRef = 7D5B20952A7F9A182748391B /* Pods_UniversalAnsteuerungTests.framework */; };
		48771E4D1E0ECFC4001C4ED5 /* VerbindungTextField.swift in Sources */ = {isa = PBXBuildFile; fileRef = 48771E4C1E0ECFC4001C4ED5 /* VerbindungTextField.swift */; };
		48771E4F1E0F2E84001C4ED5 /* Alert.swift in Sources */ = {isa = PBXBuildFile; fileRef = 48771E4E1E0F2E84001C4ED5 /* Alert.swift */; };
		487FE7131DFF6A0400709405 /* AppDelegate.swift in Sources */ = {isa = PBXBuildFile; fileRef = 487FE7121DFF6A0400709405 /* AppDelegate.swift */; };
		487FE71A1DFF6A0400709405 /* Main.storyboard in Resources */ = {isa = PBXBuildFile; fileRef = 487FE7181DFF6A0400709405 /* Main.storyboard */; };
		487FE71C1DFF6A0400709405 /* Assets.xcassets in Resources */ = {isa = PBXBuildFile; fileRef = 487FE71B1DFF6A0400709405 /* Assets.xcassets */; };
		487FE71F1DFF6A0400709405 /* LaunchScreen.storyboard in Resources */ = {isa = PBXBuildFile; fileRef = 487FE71D1DFF6A0400709405 /* LaunchScreen.storyboard */; };
		487FE72A1DFF6A0400709405 /* UniversalAnsteuerungTests.swift in Sources */ = {isa = PBXBuildFile; fileRef = 487FE7291DFF6A0400709405 /* UniversalAnsteuerungTests.swift */; };
		487FE7351DFF6A0400709405 /* UniversalAnsteuerungUITests.swift in Sources */ = {isa = PBXBuildFile; fileRef = 487FE7341DFF6A0400709405 /* UniversalAnsteuerungUITests.swift */; };
		487FE7471DFF8FC700709405 /* VerbindungVC.swift in Sources */ = {isa = PBXBuildFile; fileRef = 487FE7461DFF8FC700709405 /* VerbindungVC.swift */; };
		487FE7491DFF8FD600709405 /* EinstellungVC.swift in Sources */ = {isa = PBXBuildFile; fileRef = 487FE7481DFF8FD600709405 /* EinstellungVC.swift */; };
		487FE74B1DFF8FE600709405 /* AnsteuerungVC.swift in Sources */ = {isa = PBXBuildFile; fileRef = 487FE74A1DFF8FE600709405 /* AnsteuerungVC.swift */; };
		487FE74D1DFFA22200709405 /* NSDefaultKeys.swift in Sources */ = {isa = PBXBuildFile; fileRef = 487FE74C1DFFA22100709405 /* NSDefaultKeys.swift */; };
		73072F5905E7A08495750B32 /* Pods_UniversalAnsteuerung.framework in Frameworks */ = {isa = PBXBuildFile; fileRef = 275FDC07D0CDE4F7DD98BC41 /* Pods_UniversalAnsteuerung.framework */; };
		C9E1A943A600C4862C1AC114 /* Pods_UniversalAnsteuerungUITests.framework in Frameworks */ = {isa = PBXBuildFile; fileRef = 12D4324C922D2249F39AB627 /* Pods_UniversalAnsteuerungUITests.framework */; };
/* End PBXBuildFile section */

/* Begin PBXContainerItemProxy section */
		487FE7261DFF6A0400709405 /* PBXContainerItemProxy */ = {
			isa = PBXContainerItemProxy;
			containerPortal = 487FE7071DFF6A0000709405 /* Project object */;
			proxyType = 1;
			remoteGlobalIDString = 487FE70E1DFF6A0000709405;
			remoteInfo = UniversalAnsteuerung;
		};
		487FE7311DFF6A0400709405 /* PBXContainerItemProxy */ = {
			isa = PBXContainerItemProxy;
			containerPortal = 487FE7071DFF6A0000709405 /* Project object */;
			proxyType = 1;
			remoteGlobalIDString = 487FE70E1DFF6A0000709405;
			remoteInfo = UniversalAnsteuerung;
		};
/* End PBXContainerItemProxy section */

/* Begin PBXFileReference section */
		00182E852350F554334E7D70 /* Pods-UniversalAnsteuerungTests.release.xcconfig */ = {isa = PBXFileReference; includeInIndex = 1; lastKnownFileType = text.xcconfig; name = "Pods-UniversalAnsteuerungTests.release.xcconfig"; path = "Pods/Target Support Files/Pods-UniversalAnsteuerungTests/Pods-UniversalAnsteuerungTests.release.xcconfig"; sourceTree = "<group>"; };
		12D4324C922D2249F39AB627 /* Pods_UniversalAnsteuerungUITests.framework */ = {isa = PBXFileReference; explicitFileType = wrapper.framework; includeInIndex = 0; path = Pods_UniversalAnsteuerungUITests.framework; sourceTree = BUILT_PRODUCTS_DIR; };
		275FDC07D0CDE4F7DD98BC41 /* Pods_UniversalAnsteuerung.framework */ = {isa = PBXFileReference; explicitFileType = wrapper.framework; includeInIndex = 0; path = Pods_UniversalAnsteuerung.framework; sourceTree = BUILT_PRODUCTS_DIR; };
		48771E4C1E0ECFC4001C4ED5 /* VerbindungTextField.swift */ = {isa = PBXFileReference; fileEncoding = 4; lastKnownFileType = sourcecode.swift; path = VerbindungTextField.swift; sourceTree = "<group>"; };
		48771E4E1E0F2E84001C4ED5 /* Alert.swift */ = {isa = PBXFileReference; fileEncoding = 4; lastKnownFileType = sourcecode.swift; path = Alert.swift; sourceTree = "<group>"; };
		487FE70F1DFF6A0300709405 /* UniversalAnsteuerung.app */ = {isa = PBXFileReference; explicitFileType = wrapper.application; includeInIndex = 0; path = UniversalAnsteuerung.app; sourceTree = BUILT_PRODUCTS_DIR; };
		487FE7121DFF6A0400709405 /* AppDelegate.swift */ = {isa = PBXFileReference; lastKnownFileType = sourcecode.swift; path = AppDelegate.swift; sourceTree = "<group>"; };
		487FE7191DFF6A0400709405 /* Base */ = {isa = PBXFileReference; lastKnownFileType = file.storyboard; name = Base; path = Base.lproj/Main.storyboard; sourceTree = "<group>"; };
		487FE71B1DFF6A0400709405 /* Assets.xcassets */ = {isa = PBXFileReference; lastKnownFileType = folder.assetcatalog; path = Assets.xcassets; sourceTree = "<group>"; };
		487FE71E1DFF6A0400709405 /* Base */ = {isa = PBXFileReference; lastKnownFileType = file.storyboard; name = Base; path = Base.lproj/LaunchScreen.storyboard; sourceTree = "<group>"; };
		487FE7201DFF6A0400709405 /* Info.plist */ = {isa = PBXFileReference; lastKnownFileType = text.plist.xml; path = Info.plist; sourceTree = "<group>"; };
		487FE7251DFF6A0400709405 /* UniversalAnsteuerungTests.xctest */ = {isa = PBXFileReference; explicitFileType = wrapper.cfbundle; includeInIndex = 0; path = UniversalAnsteuerungTests.xctest; sourceTree = BUILT_PRODUCTS_DIR; };
		487FE7291DFF6A0400709405 /* UniversalAnsteuerungTests.swift */ = {isa = PBXFileReference; lastKnownFileType = sourcecode.swift; path = UniversalAnsteuerungTests.swift; sourceTree = "<group>"; };
		487FE72B1DFF6A0400709405 /* Info.plist */ = {isa = PBXFileReference; lastKnownFileType = text.plist.xml; path = Info.plist; sourceTree = "<group>"; };
		487FE7301DFF6A0400709405 /* UniversalAnsteuerungUITests.xctest */ = {isa = PBXFileReference; explicitFileType = wrapper.cfbundle; includeInIndex = 0; path = UniversalAnsteuerungUITests.xctest; sourceTree = BUILT_PRODUCTS_DIR; };
		487FE7341DFF6A0400709405 /* UniversalAnsteuerungUITests.swift */ = {isa = PBXFileReference; lastKnownFileType = sourcecode.swift; path = UniversalAnsteuerungUITests.swift; sourceTree = "<group>"; };
		487FE7361DFF6A0400709405 /* Info.plist */ = {isa = PBXFileReference; lastKnownFileType = text.plist.xml; path = Info.plist; sourceTree = "<group>"; };
		487FE7461DFF8FC700709405 /* VerbindungVC.swift */ = {isa = PBXFileReference; fileEncoding = 4; lastKnownFileType = sourcecode.swift; path = VerbindungVC.swift; sourceTree = "<group>"; };
		487FE7481DFF8FD600709405 /* EinstellungVC.swift */ = {isa = PBXFileReference; fileEncoding = 4; lastKnownFileType = sourcecode.swift; path = EinstellungVC.swift; sourceTree = "<group>"; };
		487FE74A1DFF8FE600709405 /* AnsteuerungVC.swift */ = {isa = PBXFileReference; fileEncoding = 4; lastKnownFileType = sourcecode.swift; path = AnsteuerungVC.swift; sourceTree = "<group>"; };
		487FE74C1DFFA22100709405 /* NSDefaultKeys.swift */ = {isa = PBXFileReference; fileEncoding = 4; lastKnownFileType = sourcecode.swift; path = NSDefaultKeys.swift; sourceTree = "<group>"; };
		55DCE6887108590F36DAF3F6 /* Pods-UniversalAnsteuerung.debug.xcconfig */ = {isa = PBXFileReference; includeInIndex = 1; lastKnownFileType = text.xcconfig; name = "Pods-UniversalAnsteuerung.debug.xcconfig"; path = "Pods/Target Support Files/Pods-UniversalAnsteuerung/Pods-UniversalAnsteuerung.debug.xcconfig"; sourceTree = "<group>"; };
		76998FFA563821BFCB9F0E3F /* Pods-UniversalAnsteuerungUITests.debug.xcconfig */ = {isa = PBXFileReference; includeInIndex = 1; lastKnownFileType = text.xcconfig; name = "Pods-UniversalAnsteuerungUITests.debug.xcconfig"; path = "Pods/Target Support Files/Pods-UniversalAnsteuerungUITests/Pods-UniversalAnsteuerungUITests.debug.xcconfig"; sourceTree = "<group>"; };
		7D5B20952A7F9A182748391B /* Pods_UniversalAnsteuerungTests.framework */ = {isa = PBXFileReference; explicitFileType = wrapper.framework; includeInIndex = 0; path = Pods_UniversalAnsteuerungTests.framework; sourceTree = BUILT_PRODUCTS_DIR; };
		8E7FE089BD9156013C6D955E /* Pods-UniversalAnsteuerungTests.debug.xcconfig */ = {isa = PBXFileReference; includeInIndex = 1; lastKnownFileType = text.xcconfig; name = "Pods-UniversalAnsteuerungTests.debug.xcconfig"; path = "Pods/Target Support Files/Pods-UniversalAnsteuerungTests/Pods-UniversalAnsteuerungTests.debug.xcconfig"; sourceTree = "<group>"; };
		AEC4588EAD3A86AFF6BBFE0E /* Pods-UniversalAnsteuerung.release.xcconfig */ = {isa = PBXFileReference; includeInIndex = 1; lastKnownFileType = text.xcconfig; name = "Pods-UniversalAnsteuerung.release.xcconfig"; path = "Pods/Target Support Files/Pods-UniversalAnsteuerung/Pods-UniversalAnsteuerung.release.xcconfig"; sourceTree = "<group>"; };
		CADD4D41AFF6D80A03B8B8D1 /* Pods-UniversalAnsteuerungUITests.release.xcconfig */ = {isa = PBXFileReference; includeInIndex = 1; lastKnownFileType = text.xcconfig; name = "Pods-UniversalAnsteuerungUITests.release.xcconfig"; path = "Pods/Target Support Files/Pods-UniversalAnsteuerungUITests/Pods-UniversalAnsteuerungUITests.release.xcconfig"; sourceTree = "<group>"; };
/* End PBXFileReference section */

/* Begin PBXFrameworksBuildPhase section */
		487FE70C1DFF6A0000709405 /* Frameworks */ = {
			isa = PBXFrameworksBuildPhase;
			buildActionMask = 2147483647;
			files = (
				73072F5905E7A08495750B32 /* Pods_UniversalAnsteuerung.framework in Frameworks */,
			);
			runOnlyForDeploymentPostprocessing = 0;
		};
		487FE7221DFF6A0400709405 /* Frameworks */ = {
			isa = PBXFrameworksBuildPhase;
			buildActionMask = 2147483647;
			files = (
				3534936DDBE3E5B3199DCDEB /* Pods_UniversalAnsteuerungTests.framework in Frameworks */,
			);
			runOnlyForDeploymentPostprocessing = 0;
		};
		487FE72D1DFF6A0400709405 /* Frameworks */ = {
			isa = PBXFrameworksBuildPhase;
			buildActionMask = 2147483647;
			files = (
				C9E1A943A600C4862C1AC114 /* Pods_UniversalAnsteuerungUITests.framework in Frameworks */,
			);
			runOnlyForDeploymentPostprocessing = 0;
		};
/* End PBXFrameworksBuildPhase section */

/* Begin PBXGroup section */
		02EA29085E967268D052A87F /* Pods */ = {
			isa = PBXGroup;
			children = (
				55DCE6887108590F36DAF3F6 /* Pods-UniversalAnsteuerung.debug.xcconfig */,
				AEC4588EAD3A86AFF6BBFE0E /* Pods-UniversalAnsteuerung.release.xcconfig */,
				8E7FE089BD9156013C6D955E /* Pods-UniversalAnsteuerungTests.debug.xcconfig */,
				00182E852350F554334E7D70 /* Pods-UniversalAnsteuerungTests.release.xcconfig */,
				76998FFA563821BFCB9F0E3F /* Pods-UniversalAnsteuerungUITests.debug.xcconfig */,
				CADD4D41AFF6D80A03B8B8D1 /* Pods-UniversalAnsteuerungUITests.release.xcconfig */,
			);
			name = Pods;
			sourceTree = "<group>";
		};
		487FE7061DFF6A0000709405 = {
			isa = PBXGroup;
			children = (
				487FE7111DFF6A0300709405 /* UniversalAnsteuerung */,
				487FE7281DFF6A0400709405 /* UniversalAnsteuerungTests */,
				487FE7331DFF6A0400709405 /* UniversalAnsteuerungUITests */,
				487FE7101DFF6A0300709405 /* Products */,
				02EA29085E967268D052A87F /* Pods */,
				A7C8A6B1F157D66CF84812F2 /* Frameworks */,
			);
			sourceTree = "<group>";
		};
		487FE7101DFF6A0300709405 /* Products */ = {
			isa = PBXGroup;
			children = (
				487FE70F1DFF6A0300709405 /* UniversalAnsteuerung.app */,
				487FE7251DFF6A0400709405 /* UniversalAnsteuerungTests.xctest */,
				487FE7301DFF6A0400709405 /* UniversalAnsteuerungUITests.xctest */,
			);
			name = Products;
			sourceTree = "<group>";
		};
		487FE7111DFF6A0300709405 /* UniversalAnsteuerung */ = {
			isa = PBXGroup;
			children = (
				487FE7451DFF8F4600709405 /* View */,
				487FE7441DFF8F2800709405 /* Misc */,
				487FE7431DFF8F1C00709405 /* Model */,
				487FE7421DFF8F0900709405 /* ViewController */,
			);
			path = UniversalAnsteuerung;
			sourceTree = "<group>";
		};
		487FE7281DFF6A0400709405 /* UniversalAnsteuerungTests */ = {
			isa = PBXGroup;
			children = (
				487FE7291DFF6A0400709405 /* UniversalAnsteuerungTests.swift */,
				487FE72B1DFF6A0400709405 /* Info.plist */,
			);
			path = UniversalAnsteuerungTests;
			sourceTree = "<group>";
		};
		487FE7331DFF6A0400709405 /* UniversalAnsteuerungUITests */ = {
			isa = PBXGroup;
			children = (
				487FE7341DFF6A0400709405 /* UniversalAnsteuerungUITests.swift */,
				487FE7361DFF6A0400709405 /* Info.plist */,
			);
			path = UniversalAnsteuerungUITests;
			sourceTree = "<group>";
		};
		487FE7421DFF8F0900709405 /* ViewController */ = {
			isa = PBXGroup;
			children = (
				488E573F1E0B632800BC17DB /* Extensions */,
				487FE7461DFF8FC700709405 /* VerbindungVC.swift */,
				487FE7481DFF8FD600709405 /* EinstellungVC.swift */,
				487FE74A1DFF8FE600709405 /* AnsteuerungVC.swift */,
			);
			name = ViewController;
			sourceTree = "<group>";
		};
		487FE7431DFF8F1C00709405 /* Model */ = {
			isa = PBXGroup;
			children = (
				487FE74C1DFFA22100709405 /* NSDefaultKeys.swift */,
			);
			name = Model;
			sourceTree = "<group>";
		};
		487FE7441DFF8F2800709405 /* Misc */ = {
			isa = PBXGroup;
			children = (
				487FE7121DFF6A0400709405 /* AppDelegate.swift */,
				487FE7201DFF6A0400709405 /* Info.plist */,
				487FE71B1DFF6A0400709405 /* Assets.xcassets */,
			);
			name = Misc;
			sourceTree = "<group>";
		};
		487FE7451DFF8F4600709405 /* View */ = {
			isa = PBXGroup;
			children = (
				487FE71D1DFF6A0400709405 /* LaunchScreen.storyboard */,
				487FE7181DFF6A0400709405 /* Main.storyboard */,
				48771E4C1E0ECFC4001C4ED5 /* VerbindungTextField.swift */,
				48771E4E1E0F2E84001C4ED5 /* Alert.swift */,
			);
			name = View;
			sourceTree = "<group>";
		};
		488E573F1E0B632800BC17DB /* Extensions */ = {
			isa = PBXGroup;
			children = (
			);
			name = Extensions;
			sourceTree = "<group>";
		};
		A7C8A6B1F157D66CF84812F2 /* Frameworks */ = {
			isa = PBXGroup;
			children = (
				275FDC07D0CDE4F7DD98BC41 /* Pods_UniversalAnsteuerung.framework */,
				7D5B20952A7F9A182748391B /* Pods_UniversalAnsteuerungTests.framework */,
				12D4324C922D2249F39AB627 /* Pods_UniversalAnsteuerungUITests.framework */,
			);
			name = Frameworks;
			sourceTree = "<group>";
		};
/* End PBXGroup section */

/* Begin PBXNativeTarget section */
		487FE70E1DFF6A0000709405 /* UniversalAnsteuerung */ = {
			isa = PBXNativeTarget;
			buildConfigurationList = 487FE7391DFF6A0400709405 /* Build configuration list for PBXNativeTarget "UniversalAnsteuerung" */;
			buildPhases = (
				72D4C2C793D641FA5CB09959 /* 📦 Check Pods Manifest.lock */,
				487FE70B1DFF6A0000709405 /* Sources */,
				487FE70C1DFF6A0000709405 /* Frameworks */,
				487FE70D1DFF6A0000709405 /* Resources */,
				6E4D61653B57BA3B6CD9B177 /* 📦 Embed Pods Frameworks */,
				8BC793873F956E231071B51E /* 📦 Copy Pods Resources */,
			);
			buildRules = (
			);
			dependencies = (
			);
			name = UniversalAnsteuerung;
			productName = UniversalAnsteuerung;
			productReference = 487FE70F1DFF6A0300709405 /* UniversalAnsteuerung.app */;
			productType = "com.apple.product-type.application";
		};
		487FE7241DFF6A0400709405 /* UniversalAnsteuerungTests */ = {
			isa = PBXNativeTarget;
			buildConfigurationList = 487FE73C1DFF6A0400709405 /* Build configuration list for PBXNativeTarget "UniversalAnsteuerungTests" */;
			buildPhases = (
				F87EFB8EBC00C1D859399D82 /* 📦 Check Pods Manifest.lock */,
				487FE7211DFF6A0400709405 /* Sources */,
				487FE7221DFF6A0400709405 /* Frameworks */,
				487FE7231DFF6A0400709405 /* Resources */,
				0910ECA3057B61C2A4D91482 /* 📦 Embed Pods Frameworks */,
				CD2393D78196ECB0E3EC352A /* 📦 Copy Pods Resources */,
			);
			buildRules = (
			);
			dependencies = (
				487FE7271DFF6A0400709405 /* PBXTargetDependency */,
			);
			name = UniversalAnsteuerungTests;
			productName = UniversalAnsteuerungTests;
			productReference = 487FE7251DFF6A0400709405 /* UniversalAnsteuerungTests.xctest */;
			productType = "com.apple.product-type.bundle.unit-test";
		};
		487FE72F1DFF6A0400709405 /* UniversalAnsteuerungUITests */ = {
			isa = PBXNativeTarget;
			buildConfigurationList = 487FE73F1DFF6A0400709405 /* Build configuration list for PBXNativeTarget "UniversalAnsteuerungUITests" */;
			buildPhases = (
				70AD1B810A960FD4DFDC32A5 /* 📦 Check Pods Manifest.lock */,
				487FE72C1DFF6A0400709405 /* Sources */,
				487FE72D1DFF6A0400709405 /* Frameworks */,
				487FE72E1DFF6A0400709405 /* Resources */,
				CDB19B4F31B1796501D2CB18 /* 📦 Copy Pods Resources */,
			);
			buildRules = (
			);
			dependencies = (
				487FE7321DFF6A0400709405 /* PBXTargetDependency */,
			);
			name = UniversalAnsteuerungUITests;
			productName = UniversalAnsteuerungUITests;
			productReference = 487FE7301DFF6A0400709405 /* UniversalAnsteuerungUITests.xctest */;
			productType = "com.apple.product-type.bundle.ui-testing";
		};
/* End PBXNativeTarget section */

/* Begin PBXProject section */
		487FE7071DFF6A0000709405 /* Project object */ = {
			isa = PBXProject;
			attributes = {
				LastSwiftUpdateCheck = 0820;
				LastUpgradeCheck = 0820;
				ORGANIZATIONNAME = UDSoft;
				TargetAttributes = {
					487FE70E1DFF6A0000709405 = {
						CreatedOnToolsVersion = 8.2;
						DevelopmentTeam = 9RUC64926T;
						LastSwiftMigration = 0820;
						ProvisioningStyle = Automatic;
					};
					487FE7241DFF6A0400709405 = {
						CreatedOnToolsVersion = 8.2;
						DevelopmentTeam = 9RUC64926T;
						LastSwiftMigration = 0820;
						ProvisioningStyle = Automatic;
						TestTargetID = 487FE70E1DFF6A0000709405;
					};
					487FE72F1DFF6A0400709405 = {
						CreatedOnToolsVersion = 8.2;
						DevelopmentTeam = 9RUC64926T;
						LastSwiftMigration = 0820;
						ProvisioningStyle = Automatic;
						TestTargetID = 487FE70E1DFF6A0000709405;
					};
				};
			};
			buildConfigurationList = 487FE70A1DFF6A0000709405 /* Build configuration list for PBXProject "UniversalAnsteuerung" */;
			compatibilityVersion = "Xcode 3.2";
			developmentRegion = English;
			hasScannedForEncodings = 0;
			knownRegions = (
				en,
				Base,
			);
			mainGroup = 487FE7061DFF6A0000709405;
			productRefGroup = 487FE7101DFF6A0300709405 /* Products */;
			projectDirPath = "";
			projectRoot = "";
			targets = (
				487FE70E1DFF6A0000709405 /* UniversalAnsteuerung */,
				487FE7241DFF6A0400709405 /* UniversalAnsteuerungTests */,
				487FE72F1DFF6A0400709405 /* UniversalAnsteuerungUITests */,
			);
		};
/* End PBXProject section */

/* Begin PBXResourcesBuildPhase section */
		487FE70D1DFF6A0000709405 /* Resources */ = {
			isa = PBXResourcesBuildPhase;
			buildActionMask = 2147483647;
			files = (
				487FE71F1DFF6A0400709405 /* LaunchScreen.storyboard in Resources */,
				487FE71C1DFF6A0400709405 /* Assets.xcassets in Resources */,
				487FE71A1DFF6A0400709405 /* Main.storyboard in Resources */,
			);
			runOnlyForDeploymentPostprocessing = 0;
		};
		487FE7231DFF6A0400709405 /* Resources */ = {
			isa = PBXResourcesBuildPhase;
			buildActionMask = 2147483647;
			files = (
			);
			runOnlyForDeploymentPostprocessing = 0;
		};
		487FE72E1DFF6A0400709405 /* Resources */ = {
			isa = PBXResourcesBuildPhase;
			buildActionMask = 2147483647;
			files = (
			);
			runOnlyForDeploymentPostprocessing = 0;
		};
/* End PBXResourcesBuildPhase section */

/* Begin PBXShellScriptBuildPhase section */
		0910ECA3057B61C2A4D91482 /* 📦 Embed Pods Frameworks */ = {
			isa = PBXShellScriptBuildPhase;
			buildActionMask = 2147483647;
			files = (
			);
			inputPaths = (
			);
			name = "📦 Embed Pods Frameworks";
			outputPaths = (
			);
			runOnlyForDeploymentPostprocessing = 0;
			shellPath = /bin/sh;
			shellScript = "\"${SRCROOT}/Pods/Target Support Files/Pods-UniversalAnsteuerungTests/Pods-UniversalAnsteuerungTests-frameworks.sh\"\n";
			showEnvVarsInLog = 0;
		};
		6E4D61653B57BA3B6CD9B177 /* 📦 Embed Pods Frameworks */ = {
			isa = PBXShellScriptBuildPhase;
			buildActionMask = 2147483647;
			files = (
			);
			inputPaths = (
			);
			name = "📦 Embed Pods Frameworks";
			outputPaths = (
			);
			runOnlyForDeploymentPostprocessing = 0;
			shellPath = /bin/sh;
			shellScript = "\"${SRCROOT}/Pods/Target Support Files/Pods-UniversalAnsteuerung/Pods-UniversalAnsteuerung-frameworks.sh\"\n";
			showEnvVarsInLog = 0;
		};
		70AD1B810A960FD4DFDC32A5 /* 📦 Check Pods Manifest.lock */ = {
			isa = PBXShellScriptBuildPhase;
			buildActionMask = 2147483647;
			files = (
			);
			inputPaths = (
			);
			name = "📦 Check Pods Manifest.lock";
			outputPaths = (
			);
			runOnlyForDeploymentPostprocessing = 0;
			shellPath = /bin/sh;
			shellScript = "diff \"${PODS_ROOT}/../Podfile.lock\" \"${PODS_ROOT}/Manifest.lock\" > /dev/null\nif [[ $? != 0 ]] ; then\n    cat << EOM\nerror: The sandbox is not in sync with the Podfile.lock. Run 'pod install' or update your CocoaPods installation.\nEOM\n    exit 1\nfi\n";
			showEnvVarsInLog = 0;
		};
		72D4C2C793D641FA5CB09959 /* 📦 Check Pods Manifest.lock */ = {
			isa = PBXShellScriptBuildPhase;
			buildActionMask = 2147483647;
			files = (
			);
			inputPaths = (
			);
			name = "📦 Check Pods Manifest.lock";
			outputPaths = (
			);
			runOnlyForDeploymentPostprocessing = 0;
			shellPath = /bin/sh;
			shellScript = "diff \"${PODS_ROOT}/../Podfile.lock\" \"${PODS_ROOT}/Manifest.lock\" > /dev/null\nif [[ $? != 0 ]] ; then\n    cat << EOM\nerror: The sandbox is not in sync with the Podfile.lock. Run 'pod install' or update your CocoaPods installation.\nEOM\n    exit 1\nfi\n";
			showEnvVarsInLog = 0;
		};
		8BC793873F956E231071B51E /* 📦 Copy Pods Resources */ = {
			isa = PBXShellScriptBuildPhase;
			buildActionMask = 2147483647;
			files = (
			);
			inputPaths = (
			);
			name = "📦 Copy Pods Resources";
			outputPaths = (
			);
			runOnlyForDeploymentPostprocessing = 0;
			shellPath = /bin/sh;
			shellScript = "\"${SRCROOT}/Pods/Target Support Files/Pods-UniversalAnsteuerung/Pods-UniversalAnsteuerung-resources.sh\"\n";
			showEnvVarsInLog = 0;
		};
		CD2393D78196ECB0E3EC352A /* 📦 Copy Pods Resources */ = {
			isa = PBXShellScriptBuildPhase;
			buildActionMask = 2147483647;
			files = (
			);
			inputPaths = (
			);
			name = "📦 Copy Pods Resources";
			outputPaths = (
			);
			runOnlyForDeploymentPostprocessing = 0;
			shellPath = /bin/sh;
			shellScript = "\"${SRCROOT}/Pods/Target Support Files/Pods-UniversalAnsteuerungTests/Pods-UniversalAnsteuerungTests-resources.sh\"\n";
			showEnvVarsInLog = 0;
		};
		CDB19B4F31B1796501D2CB18 /* 📦 Copy Pods Resources */ = {
			isa = PBXShellScriptBuildPhase;
			buildActionMask = 2147483647;
			files = (
			);
			inputPaths = (
			);
			name = "📦 Copy Pods Resources";
			outputPaths = (
			);
			runOnlyForDeploymentPostprocessing = 0;
			shellPath = /bin/sh;
			shellScript = "\"${SRCROOT}/Pods/Target Support Files/Pods-UniversalAnsteuerungUITests/Pods-UniversalAnsteuerungUITests-resources.sh\"\n";
			showEnvVarsInLog = 0;
		};
		F87EFB8EBC00C1D859399D82 /* 📦 Check Pods Manifest.lock */ = {
			isa = PBXShellScriptBuildPhase;
			buildActionMask = 2147483647;
			files = (
			);
			inputPaths = (
			);
			name = "📦 Check Pods Manifest.lock";
			outputPaths = (
			);
			runOnlyForDeploymentPostprocessing = 0;
			shellPath = /bin/sh;
			shellScript = "diff \"${PODS_ROOT}/../Podfile.lock\" \"${PODS_ROOT}/Manifest.lock\" > /dev/null\nif [[ $? != 0 ]] ; then\n    cat << EOM\nerror: The sandbox is not in sync with the Podfile.lock. Run 'pod install' or update your CocoaPods installation.\nEOM\n    exit 1\nfi\n";
			showEnvVarsInLog = 0;
		};
/* End PBXShellScriptBuildPhase section */

/* Begin PBXSourcesBuildPhase section */
		487FE70B1DFF6A0000709405 /* Sources */ = {
			isa = PBXSourcesBuildPhase;
			buildActionMask = 2147483647;
			files = (
				48771E4D1E0ECFC4001C4ED5 /* VerbindungTextField.swift in Sources */,
				487FE74D1DFFA22200709405 /* NSDefaultKeys.swift in Sources */,
				487FE74B1DFF8FE600709405 /* AnsteuerungVC.swift in Sources */,
				487FE7131DFF6A0400709405 /* AppDelegate.swift in Sources */,
				487FE7491DFF8FD600709405 /* EinstellungVC.swift in Sources */,
				487FE7471DFF8FC700709405 /* VerbindungVC.swift in Sources */,
				48771E4F1E0F2E84001C4ED5 /* Alert.swift in Sources */,
			);
			runOnlyForDeploymentPostprocessing = 0;
		};
		487FE7211DFF6A0400709405 /* Sources */ = {
			isa = PBXSourcesBuildPhase;
			buildActionMask = 2147483647;
			files = (
				487FE72A1DFF6A0400709405 /* UniversalAnsteuerungTests.swift in Sources */,
			);
			runOnlyForDeploymentPostprocessing = 0;
		};
		487FE72C1DFF6A0400709405 /* Sources */ = {
			isa = PBXSourcesBuildPhase;
			buildActionMask = 2147483647;
			files = (
				487FE7351DFF6A0400709405 /* UniversalAnsteuerungUITests.swift in Sources */,
			);
			runOnlyForDeploymentPostprocessing = 0;
		};
/* End PBXSourcesBuildPhase section */

/* Begin PBXTargetDependency section */
		487FE7271DFF6A0400709405 /* PBXTargetDependency */ = {
			isa = PBXTargetDependency;
			target = 487FE70E1DFF6A0000709405 /* UniversalAnsteuerung */;
			targetProxy = 487FE7261DFF6A0400709405 /* PBXContainerItemProxy */;
		};
		487FE7321DFF6A0400709405 /* PBXTargetDependency */ = {
			isa = PBXTargetDependency;
			target = 487FE70E1DFF6A0000709405 /* UniversalAnsteuerung */;
			targetProxy = 487FE7311DFF6A0400709405 /* PBXContainerItemProxy */;
		};
/* End PBXTargetDependency section */

/* Begin PBXVariantGroup section */
		487FE7181DFF6A0400709405 /* Main.storyboard */ = {
			isa = PBXVariantGroup;
			children = (
				487FE7191DFF6A0400709405 /* Base */,
			);
			name = Main.storyboard;
			sourceTree = "<group>";
		};
		487FE71D1DFF6A0400709405 /* LaunchScreen.storyboard */ = {
			isa = PBXVariantGroup;
			children = (
				487FE71E1DFF6A0400709405 /* Base */,
			);
			name = LaunchScreen.storyboard;
			sourceTree = "<group>";
		};
/* End PBXVariantGroup section */

/* Begin XCBuildConfiguration section */
		487FE7371DFF6A0400709405 /* Debug */ = {
			isa = XCBuildConfiguration;
			buildSettings = {
				ALWAYS_SEARCH_USER_PATHS = NO;
				CLANG_ANALYZER_NONNULL = YES;
				CLANG_CXX_LANGUAGE_STANDARD = "gnu++0x";
				CLANG_CXX_LIBRARY = "libc++";
				CLANG_ENABLE_MODULES = YES;
				CLANG_ENABLE_OBJC_ARC = YES;
				CLANG_WARN_BOOL_CONVERSION = YES;
				CLANG_WARN_CONSTANT_CONVERSION = YES;
				CLANG_WARN_DIRECT_OBJC_ISA_USAGE = YES_ERROR;
				CLANG_WARN_DOCUMENTATION_COMMENTS = YES;
				CLANG_WARN_EMPTY_BODY = YES;
				CLANG_WARN_ENUM_CONVERSION = YES;
				CLANG_WARN_INFINITE_RECURSION = YES;
				CLANG_WARN_INT_CONVERSION = YES;
				CLANG_WARN_OBJC_ROOT_CLASS = YES_ERROR;
				CLANG_WARN_SUSPICIOUS_MOVE = YES;
				CLANG_WARN_UNREACHABLE_CODE = YES;
				CLANG_WARN__DUPLICATE_METHOD_MATCH = YES;
				"CODE_SIGN_IDENTITY[sdk=iphoneos*]" = "iPhone Developer";
				COPY_PHASE_STRIP = NO;
				DEBUG_INFORMATION_FORMAT = dwarf;
				ENABLE_STRICT_OBJC_MSGSEND = YES;
				ENABLE_TESTABILITY = YES;
				GCC_C_LANGUAGE_STANDARD = gnu99;
				GCC_DYNAMIC_NO_PIC = NO;
				GCC_NO_COMMON_BLOCKS = YES;
				GCC_OPTIMIZATION_LEVEL = 0;
				GCC_PREPROCESSOR_DEFINITIONS = (
					"DEBUG=1",
					"$(inherited)",
				);
				GCC_WARN_64_TO_32_BIT_CONVERSION = YES;
				GCC_WARN_ABOUT_RETURN_TYPE = YES_ERROR;
				GCC_WARN_UNDECLARED_SELECTOR = YES;
				GCC_WARN_UNINITIALIZED_AUTOS = YES_AGGRESSIVE;
				GCC_WARN_UNUSED_FUNCTION = YES;
				GCC_WARN_UNUSED_VARIABLE = YES;
				IPHONEOS_DEPLOYMENT_TARGET = 10.2;
				MTL_ENABLE_DEBUG_INFO = YES;
				ONLY_ACTIVE_ARCH = YES;
				SDKROOT = iphoneos;
				SWIFT_ACTIVE_COMPILATION_CONDITIONS = DEBUG;
				SWIFT_OPTIMIZATION_LEVEL = "-Onone";
				TARGETED_DEVICE_FAMILY = 2;
			};
			name = Debug;
		};
		487FE7381DFF6A0400709405 /* Release */ = {
			isa = XCBuildConfiguration;
			buildSettings = {
				ALWAYS_SEARCH_USER_PATHS = NO;
				CLANG_ANALYZER_NONNULL = YES;
				CLANG_CXX_LANGUAGE_STANDARD = "gnu++0x";
				CLANG_CXX_LIBRARY = "libc++";
				CLANG_ENABLE_MODULES = YES;
				CLANG_ENABLE_OBJC_ARC = YES;
				CLANG_WARN_BOOL_CONVERSION = YES;
				CLANG_WARN_CONSTANT_CONVERSION = YES;
				CLANG_WARN_DIRECT_OBJC_ISA_USAGE = YES_ERROR;
				CLANG_WARN_DOCUMENTATION_COMMENTS = YES;
				CLANG_WARN_EMPTY_BODY = YES;
				CLANG_WARN_ENUM_CONVERSION = YES;
				CLANG_WARN_INFINITE_RECURSION = YES;
				CLANG_WARN_INT_CONVERSION = YES;
				CLANG_WARN_OBJC_ROOT_CLASS = YES_ERROR;
				CLANG_WARN_SUSPICIOUS_MOVE = YES;
				CLANG_WARN_UNREACHABLE_CODE = YES;
				CLANG_WARN__DUPLICATE_METHOD_MATCH = YES;
				"CODE_SIGN_IDENTITY[sdk=iphoneos*]" = "iPhone Developer";
				COPY_PHASE_STRIP = NO;
				DEBUG_INFORMATION_FORMAT = "dwarf-with-dsym";
				ENABLE_NS_ASSERTIONS = NO;
				ENABLE_STRICT_OBJC_MSGSEND = YES;
				GCC_C_LANGUAGE_STANDARD = gnu99;
				GCC_NO_COMMON_BLOCKS = YES;
				GCC_WARN_64_TO_32_BIT_CONVERSION = YES;
				GCC_WARN_ABOUT_RETURN_TYPE = YES_ERROR;
				GCC_WARN_UNDECLARED_SELECTOR = YES;
				GCC_WARN_UNINITIALIZED_AUTOS = YES_AGGRESSIVE;
				GCC_WARN_UNUSED_FUNCTION = YES;
				GCC_WARN_UNUSED_VARIABLE = YES;
				IPHONEOS_DEPLOYMENT_TARGET = 10.2;
				MTL_ENABLE_DEBUG_INFO = NO;
				SDKROOT = iphoneos;
				SWIFT_OPTIMIZATION_LEVEL = "-Owholemodule";
				TARGETED_DEVICE_FAMILY = 2;
				VALIDATE_PRODUCT = YES;
			};
			name = Release;
		};
		487FE73A1DFF6A0400709405 /* Debug */ = {
			isa = XCBuildConfiguration;
			baseConfigurationReference = 55DCE6887108590F36DAF3F6 /* Pods-UniversalAnsteuerung.debug.xcconfig */;
			buildSettings = {
				ASSETCATALOG_COMPILER_APPICON_NAME = AppIcon;
				"CODE_SIGN_IDENTITY[sdk=iphoneos*]" = "iPhone Developer";
				DEVELOPMENT_TEAM = 9RUC64926T;
				INFOPLIST_FILE = UniversalAnsteuerung/Info.plist;
				LD_RUNPATH_SEARCH_PATHS = "$(inherited) @executable_path/Frameworks";
				PRODUCT_BUNDLE_IDENTIFIER = UDSoft.UniversalAnsteuerung;
				PRODUCT_NAME = "$(TARGET_NAME)";
				SWIFT_VERSION = 3.0;
				TARGETED_DEVICE_FAMILY = 2;
			};
			name = Debug;
		};
		487FE73B1DFF6A0400709405 /* Release */ = {
			isa = XCBuildConfiguration;
			baseConfigurationReference = AEC4588EAD3A86AFF6BBFE0E /* Pods-UniversalAnsteuerung.release.xcconfig */;
			buildSettings = {
				ASSETCATALOG_COMPILER_APPICON_NAME = AppIcon;
				"CODE_SIGN_IDENTITY[sdk=iphoneos*]" = "iPhone Developer";
				DEVELOPMENT_TEAM = 9RUC64926T;
				INFOPLIST_FILE = UniversalAnsteuerung/Info.plist;
				LD_RUNPATH_SEARCH_PATHS = "$(inherited) @executable_path/Frameworks";
				PRODUCT_BUNDLE_IDENTIFIER = UDSoft.UniversalAnsteuerung;
				PRODUCT_NAME = "$(TARGET_NAME)";
				SWIFT_VERSION = 3.0;
				TARGETED_DEVICE_FAMILY = 2;
			};
			name = Release;
		};
		487FE73D1DFF6A0400709405 /* Debug */ = {
			isa = XCBuildConfiguration;
			baseConfigurationReference = 8E7FE089BD9156013C6D955E /* Pods-UniversalAnsteuerungTests.debug.xcconfig */;
			buildSettings = {
				ALWAYS_EMBED_SWIFT_STANDARD_LIBRARIES = YES;
				BUNDLE_LOADER = "$(TEST_HOST)";
				DEVELOPMENT_TEAM = 9RUC64926T;
				INFOPLIST_FILE = UniversalAnsteuerungTests/Info.plist;
				LD_RUNPATH_SEARCH_PATHS = "$(inherited) @executable_path/Frameworks @loader_path/Frameworks";
				PRODUCT_BUNDLE_IDENTIFIER = UDSoft.UniversalAnsteuerungTests;
				PRODUCT_NAME = "$(TARGET_NAME)";
				SWIFT_VERSION = 3.0;
				TEST_HOST = "$(BUILT_PRODUCTS_DIR)/UniversalAnsteuerung.app/UniversalAnsteuerung";
			};
			name = Debug;
		};
		487FE73E1DFF6A0400709405 /* Release */ = {
			isa = XCBuildConfiguration;
			baseConfigurationReference = 00182E852350F554334E7D70 /* Pods-UniversalAnsteuerungTests.release.xcconfig */;
			buildSettings = {
				ALWAYS_EMBED_SWIFT_STANDARD_LIBRARIES = YES;
				BUNDLE_LOADER = "$(TEST_HOST)";
				DEVELOPMENT_TEAM = 9RUC64926T;
				INFOPLIST_FILE = UniversalAnsteuerungTests/Info.plist;
				LD_RUNPATH_SEARCH_PATHS = "$(inherited) @executable_path/Frameworks @loader_path/Frameworks";
				PRODUCT_BUNDLE_IDENTIFIER = UDSoft.UniversalAnsteuerungTests;
				PRODUCT_NAME = "$(TARGET_NAME)";
				SWIFT_VERSION = 3.0;
				TEST_HOST = "$(BUILT_PRODUCTS_DIR)/UniversalAnsteuerung.app/UniversalAnsteuerung";
			};
			name = Release;
		};
		487FE7401DFF6A0400709405 /* Debug */ = {
			isa = XCBuildConfiguration;
			baseConfigurationReference = 76998FFA563821BFCB9F0E3F /* Pods-UniversalAnsteuerungUITests.debug.xcconfig */;
			buildSettings = {
				ALWAYS_EMBED_SWIFT_STANDARD_LIBRARIES = YES;
				DEVELOPMENT_TEAM = 9RUC64926T;
				INFOPLIST_FILE = UniversalAnsteuerungUITests/Info.plist;
				LD_RUNPATH_SEARCH_PATHS = "$(inherited) @executable_path/Frameworks @loader_path/Frameworks";
				PRODUCT_BUNDLE_IDENTIFIER = UDSoft.UniversalAnsteuerungUITests;
				PRODUCT_NAME = "$(TARGET_NAME)";
				SWIFT_VERSION = 3.0;
				TEST_TARGET_NAME = UniversalAnsteuerung;
			};
			name = Debug;
		};
		487FE7411DFF6A0400709405 /* Release */ = {
			isa = XCBuildConfiguration;
			baseConfigurationReference = CADD4D41AFF6D80A03B8B8D1 /* Pods-UniversalAnsteuerungUITests.release.xcconfig */;
			buildSettings = {
				ALWAYS_EMBED_SWIFT_STANDARD_LIBRARIES = YES;
				DEVELOPMENT_TEAM = 9RUC64926T;
				INFOPLIST_FILE = UniversalAnsteuerungUITests/Info.plist;
				LD_RUNPATH_SEARCH_PATHS = "$(inherited) @executable_path/Frameworks @loader_path/Frameworks";
				PRODUCT_BUNDLE_IDENTIFIER = UDSoft.UniversalAnsteuerungUITests;
				PRODUCT_NAME = "$(TARGET_NAME)";
				SWIFT_VERSION = 3.0;
				TEST_TARGET_NAME = UniversalAnsteuerung;
			};
			name = Release;
		};
/* End XCBuildConfiguration section */

/* Begin XCConfigurationList section */
		487FE70A1DFF6A0000709405 /* Build configuration list for PBXProject "UniversalAnsteuerung" */ = {
			isa = XCConfigurationList;
			buildConfigurations = (
				487FE7371DFF6A0400709405 /* Debug */,
				487FE7381DFF6A0400709405 /* Release */,
			);
			defaultConfigurationIsVisible = 0;
			defaultConfigurationName = Release;
		};
		487FE7391DFF6A0400709405 /* Build configuration list for PBXNativeTarget "UniversalAnsteuerung" */ = {
			isa = XCConfigurationList;
			buildConfigurations = (
				487FE73A1DFF6A0400709405 /* Debug */,
				487FE73B1DFF6A0400709405 /* Release */,
			);
			defaultConfigurationIsVisible = 0;
			defaultConfigurationName = Release;
		};
		487FE73C1DFF6A0400709405 /* Build configuration list for PBXNativeTarget "UniversalAnsteuerungTests" */ = {
			isa = XCConfigurationList;
			buildConfigurations = (
				487FE73D1DFF6A0400709405 /* Debug */,
				487FE73E1DFF6A0400709405 /* Release */,
			);
			defaultConfigurationIsVisible = 0;
			defaultConfigurationName = Release;
		};
		487FE73F1DFF6A0400709405 /* Build configuration list for PBXNativeTarget "UniversalAnsteuerungUITests" */ = {
			isa = XCConfigurationList;
			buildConfigurations = (
				487FE7401DFF6A0400709405 /* Debug */,
				487FE7411DFF6A0400709405 /* Release */,
			);
			defaultConfigurationIsVisible = 0;
			defaultConfigurationName = Release;
		};
/* End XCConfigurationList section */
	};
	rootObject = 487FE7071DFF6A0000709405 /* Project object */;
}
